{
  "name": "avtc-pi",
  "version": "1.1.5",
  "lockfileVersion": 3,
  "requires": true,
  "packages": {
    "": {
      "name": "avtc-pi",
      "version": "1.1.5",
      "license": "MIT",
      "dependencies": {
        "avtc-pi-ask-user-question": "^1.0.6",
        "avtc-pi-featyard": "^1.1.5",
        "avtc-pi-logger": "^1.0.3",
        "avtc-pi-notification": "^1.0.6",
        "avtc-pi-parallel-work-guardrail": "^1.0.7",
        "avtc-pi-portrait": "^1.0.7",
        "avtc-pi-settings-ui": "^1.0.8",
        "avtc-pi-subagent": "^1.0.6",
        "avtc-pi-subagent-ui-bridge": "^1.0.5",
        "avtc-pi-todo": "^1.0.7",
        "avtc-pi-ui-components": "^1.0.4",
        "avtc-pi-unstuck": "^1.0.5",
        "avtc-pi-user-decisions": "^1.0.7",
        "avtc-pi-zai-continue": "^1.0.5"
      }
    },
    "node_modules/avtc-pi-ask-user-question": {
      "version": "1.0.6",
      "resolved": "https://registry.npmjs.org/avtc-pi-ask-user-question/-/avtc-pi-ask-user-question-1.0.6.tgz",
      "integrity": "sha512-hNlZFDIOAJJOJz+/inNpdzxRbQkFpDN6tx3KPRZT2cmzuyw1M4ZuZ7PIjw9u7HQglu6kQ6tJOGCRE3IawNI7wQ==",
      "license": "MIT",
      "dependencies": {
        "avtc-pi-ui-components": "^1.0.4"
      }
    },
    "node_modules/avtc-pi-featyard": {
      "version": "1.1.5",
      "resolved": "https://registry.npmjs.org/avtc-pi-featyard/-/avtc-pi-featyard-1.1.5.tgz",
      "integrity": "sha512-Yts64iD6FiJQ31KBIl/4p9Xp0onBxWOY2i9jDy9COHmTGnySIJXVGaQv31COLzTp6bMMAy2TUZ934m2FWBUWvA==",
      "license": "MIT",
      "dependencies": {
        "avtc-pi-logger": "^1.0.3",
        "avtc-pi-parallel-work-guardrail": "^1.0.7",
        "avtc-pi-settings-ui": "^1.0.8",
        "avtc-pi-subagent": "^1.0.6",
        "avtc-pi-subagent-ui-bridge": "^1.0.5",
        "avtc-pi-todo": "^1.0.7",
        "avtc-pi-ui-components": "^1.0.4",
        "avtc-pi-unstuck": "^1.0.5"
      }
    },
    "node_modules/avtc-pi-logger": {
      "version": "1.0.3",
      "resolved": "https://registry.npmjs.org/avtc-pi-logger/-/avtc-pi-logger-1.0.3.tgz",
      "integrity": "sha512-3k7KLKdFWVE+SCRHWDdE7r8qaL0MU1yf3Dm68HV1/oD29CE4md2CKTJDd1S4M8D4U7zOagRvtcTxxtKfYQgRsQ==",
      "license": "MIT"
    },
    "node_modules/avtc-pi-notification": {
      "version": "1.0.6",
      "resolved": "https://registry.npmjs.org/avtc-pi-notification/-/avtc-pi-notification-1.0.6.tgz",
      "integrity": "sha512-zPah/FM5Y7kyXcpJ7OXjv+pqkoByT5Zh5znmh+zld9cgrKiMAI6oD7cq9q05jhX+MdMV1jDQk8eDS39UVDn5jQ==",
      "license": "MIT"
    },
    "node_modules/avtc-pi-parallel-work-guardrail": {
      "version": "1.0.7",
      "resolved": "https://registry.npmjs.org/avtc-pi-parallel-work-guardrail/-/avtc-pi-parallel-work-guardrail-1.0.7.tgz",
      "integrity": "sha512-rSx50aN43jMJVeMOPWgp4V8AYvMDLmrneHlH/3KImA5aLMwbO3dNwkJBLOMKN0D6Twmfo6D3Ig5p0i47csuXxw==",
      "license": "MIT",
      "dependencies": {
        "avtc-pi-logger": "^1.0.3",
        "avtc-pi-settings-ui": "^1.0.8",
        "avtc-pi-ui-components": "^1.0.4"
      }
    },
    "node_modules/avtc-pi-portrait": {
      "version": "1.0.7",
      "resolved": "https://registry.npmjs.org/avtc-pi-portrait/-/avtc-pi-portrait-1.0.7.tgz",
      "integrity": "sha512-RncYes5PtJgVUq7LO2M9aKg4BredTYubYoKxJDpqm5RJPZYkpv6xUAqZsFvJwwmskh44QgPLtW9MQ/bpGpYFHg==",
      "bundleDependencies": [
        "avtc-pi-ui-components"
      ],
      "license": "MIT",
      "dependencies": {
        "avtc-pi-logger": "^1.0.3",
        "avtc-pi-settings-ui": "^1.0.8",
        "avtc-pi-ui-components": "^1.0.3"
      }
    },
    "node_modules/avtc-pi-portrait/node_modules/avtc-pi-ui-components": {
      "version": "1.0.3",
      "inBundle": true,
      "license": "MIT"
    },
    "node_modules/avtc-pi-settings-ui": {
      "version": "1.0.8",
      "resolved": "https://registry.npmjs.org/avtc-pi-settings-ui/-/avtc-pi-settings-ui-1.0.8.tgz",
      "integrity": "sha512-ZG4ws+53d4IOyvg90TLNOPBDmhiPQ2CZdOQZnaaAaqRPgiilxPzMG+9jCbiUUEPuHJJmuJ+GJVadV/iTohUWPw==",
      "license": "MIT",
      "dependencies": {
        "avtc-pi-logger": "^1.0.3",
        "minimatch": "^10.0.0"
      }
    },
    "node_modules/avtc-pi-subagent": {
      "version": "1.0.6",
      "resolved": "https://registry.npmjs.org/avtc-pi-subagent/-/avtc-pi-subagent-1.0.6.tgz",
      "integrity": "sha512-Y38Cf9ir0/dOwfg0iqQS1a/tFtJxpG79yQOrL0OBZSUzE3AQyd97fbLXmSIKV+4XEXFEeJASUGxqlKmmpMDVkA==",
      "license": "MIT",
      "dependencies": {
        "avtc-pi-logger": "^1.0.3",
        "avtc-pi-settings-ui": "^1.0.8",
        "avtc-pi-subagent-ui-bridge": "^1.0.5"
      }
    },
    "node_modules/avtc-pi-subagent-ui-bridge": {
      "version": "1.0.5",
      "resolved": "https://registry.npmjs.org/avtc-pi-subagent-ui-bridge/-/avtc-pi-subagent-ui-bridge-1.0.5.tgz",
      "integrity": "sha512-+H8Ssdrs760b83Vtnw62wr8lu4QJGa30gwtRXaGyAhIF1+2kF1MxDJCgSG1wuhBJqClB+Dypd9ch7DHtgdv0Kg==",
      "license": "MIT"
    },
    "node_modules/avtc-pi-todo": {
      "version": "1.0.7",
      "resolved": "https://registry.npmjs.org/avtc-pi-todo/-/avtc-pi-todo-1.0.7.tgz",
      "integrity": "sha512-SNKTHnEg5NvySa1Nj/Gqda7/4dQLSMlPTcS61EehDw9IrFqod+9G+3JvphJser9+RsFbhs7+f5zasas/nS5q3w==",
      "license": "MIT",
      "dependencies": {
        "avtc-pi-settings-ui": "^1.0.8"
      }
    },
    "node_modules/avtc-pi-ui-components": {
      "version": "1.0.4",
      "resolved": "https://registry.npmjs.org/avtc-pi-ui-components/-/avtc-pi-ui-components-1.0.4.tgz",
      "integrity": "sha512-hcM5u1zmPvWNN9GLPEVAafoBo5d6sJ85R8iCvROwPy5LRU5gBRrJs+PVAPFJGNFqY2FLG6w1BiBxaLADY4KMYg==",
      "license": "MIT"
    },
    "node_modules/avtc-pi-unstuck": {
      "version": "1.0.5",
      "resolved": "https://registry.npmjs.org/avtc-pi-unstuck/-/avtc-pi-unstuck-1.0.5.tgz",
      "integrity": "sha512-xPUYkQnXI9tN0HHPvZBTxpmbI3C8GRpKFm4LpXze/u28rcF1eEoIhxpzN+1rlpULIqacQ6ADj0okqAUQq3hI2Q==",
      "license": "MIT",
      "dependencies": {
        "avtc-pi-settings-ui": "^1.0.8"
      }
    },
    "node_modules/avtc-pi-user-decisions": {
      "version": "1.0.7",
      "resolved": "https://registry.npmjs.org/avtc-pi-user-decisions/-/avtc-pi-user-decisions-1.0.7.tgz",
      "integrity": "sha512-P5DPbGvL8F//Jc5uhKNk4rVW69QUaI/S+oKZ+qKsu0l6z+Jkgjf57hkWqXHvDdZINULy9KJq+2NMXJwGtxvS1w==",
      "license": "MIT",
      "dependencies": {
        "avtc-pi-logger": "^1.0.3",
        "avtc-pi-settings-ui": "^1.0.8",
        "avtc-pi-ui-components": "^1.0.3"
      }
    },
    "node_modules/avtc-pi-zai-continue": {
      "version": "1.0.5",
      "resolved": "https://registry.npmjs.org/avtc-pi-zai-continue/-/avtc-pi-zai-continue-1.0.5.tgz",
      "integrity": "sha512-XC0tbcDqy9WKK9Hz8RDSvTRbywuivXjWwyMrdF4zwsy2V0VL42+R/0i/IGTfD0ZScIbAu8CL87MTmPXiQK06+g==",
      "license": "MIT"
    },
    "node_modules/balanced-match": {
      "version": "4.0.4",
      "resolved": "https://registry.npmjs.org/balanced-match/-/balanced-match-4.0.4.tgz",
      "integrity": "sha512-BLrgEcRTwX2o6gGxGOCNyMvGSp35YofuYzw9h1IMTRmKqttAZZVU67bdb9Pr2vUHA8+j3i2tJfjO6C6+4myGTA==",
      "license": "MIT",
      "engines": {
        "node": "18 || 20 || >=22"
      }
    },
    "node_modules/brace-expansion": {
      "version": "5.0.7",
      "resolved": "https://registry.npmjs.org/brace-expansion/-/brace-expansion-5.0.7.tgz",
      "integrity": "sha512-7oFy703dxfY3/NLxC1fh2SUCQ0H9rmAY+5EpDVfXjUTTs+HEwR2nYaqLv+GWcTsumwxPfiz6CzCNkwXwBUwqCA==",
      "license": "MIT",
      "dependencies": {
        "balanced-match": "^4.0.2"
      },
      "engines": {
        "node": "18 || 20 || >=22"
      }
    },
    "node_modules/minimatch": {
      "version": "10.2.5",
      "resolved": "https://registry.npmjs.org/minimatch/-/minimatch-10.2.5.tgz",
      "integrity": "sha512-MULkVLfKGYDFYejP07QOurDLLQpcjk7Fw+7jXS2R2czRQzR56yHRveU5NDJEOviH+hETZKSkIk5c+T23GjFUMg==",
      "license": "BlueOak-1.0.0",
      "dependencies": {
        "brace-expansion": "^5.0.5"
      },
      "engines": {
        "node": "18 || 20 || >=22"
      },
      "funding": {
        "url": "https://github.com/sponsors/isaacs"
      }
    }
  }
}
