{
  "name": "avtc-pi",
  "version": "1.1.15",
  "lockfileVersion": 3,
  "requires": true,
  "packages": {
    "": {
      "name": "avtc-pi",
      "version": "1.1.15",
      "license": "MIT",
      "dependencies": {
        "avtc-pi-ask-user-question": "^1.0.9",
        "avtc-pi-featyard": "^1.2.2",
        "avtc-pi-logger": "^1.0.3",
        "avtc-pi-notification": "^1.0.9",
        "avtc-pi-parallel-work-guardrail": "^1.1.0",
        "avtc-pi-portrait": "^1.1.1",
        "avtc-pi-session-owl": "^1.2.0",
        "avtc-pi-settings-ui": "^1.0.12",
        "avtc-pi-subagent": "^1.0.10",
        "avtc-pi-subagent-ui-bridge": "^1.0.8",
        "avtc-pi-todo": "^1.0.10",
        "avtc-pi-ui-components": "^1.0.7",
        "avtc-pi-unstuck": "^1.0.7",
        "avtc-pi-user-decisions": "^1.1.0",
        "avtc-pi-zai-continue": "^1.0.6"
      }
    },
    "node_modules/avtc-pi-ask-user-question": {
      "version": "1.0.9",
      "resolved": "https://registry.npmjs.org/avtc-pi-ask-user-question/-/avtc-pi-ask-user-question-1.0.9.tgz",
      "integrity": "sha512-eACYjgjmdaVNjhYHnb/Ct1V7K0LkhCoVgYO4EnuRmQJaV9lXbVKtOwyR2JjS/nrVV3hbYPmMTZSe1vsi1NUtUw==",
      "license": "MIT",
      "dependencies": {
        "avtc-pi-ui-components": "^1.0.7"
      }
    },
    "node_modules/avtc-pi-featyard": {
      "version": "1.2.2",
      "resolved": "https://registry.npmjs.org/avtc-pi-featyard/-/avtc-pi-featyard-1.2.2.tgz",
      "integrity": "sha512-9ieg448dyvM39OktBnD94TtuVy4DMByANtvYT8ZxioMLk/s7W76/lBqOLNeYNoAPCD82ZQ49Qi0mGHUykuSL7g==",
      "license": "MIT",
      "dependencies": {
        "avtc-pi-logger": "^1.0.3",
        "avtc-pi-parallel-work-guardrail": "^1.1.0",
        "avtc-pi-settings-ui": "^1.0.12",
        "avtc-pi-subagent": "^1.0.9",
        "avtc-pi-subagent-ui-bridge": "^1.0.8",
        "avtc-pi-todo": "^1.0.10",
        "avtc-pi-ui-components": "^1.0.7",
        "avtc-pi-unstuck": "^1.0.6"
      }
    },
    "node_modules/avtc-pi-logger": {
      "version": "1.0.3",
      "resolved": "https://registry.npmjs.org/avtc-pi-logger/-/avtc-pi-logger-1.0.3.tgz",
      "integrity": "sha512-3k7KLKdFWVE+SCRHWDdE7r8qaL0MU1yf3Dm68HV1/oD29CE4md2CKTJDd1S4M8D4U7zOagRvtcTxxtKfYQgRsQ==",
      "license": "MIT"
    },
    "node_modules/avtc-pi-notification": {
      "version": "1.0.9",
      "resolved": "https://registry.npmjs.org/avtc-pi-notification/-/avtc-pi-notification-1.0.9.tgz",
      "integrity": "sha512-zaXl7WmOHEnQp1x6k/5O9TPDfR4xq7VeAZ2IdfyjyZnfRG/S5B4EnzlSDWr2lcGKoTD6qLcxFHKPs9XSrPMvsw==",
      "license": "MIT"
    },
    "node_modules/avtc-pi-parallel-work-guardrail": {
      "version": "1.1.0",
      "resolved": "https://registry.npmjs.org/avtc-pi-parallel-work-guardrail/-/avtc-pi-parallel-work-guardrail-1.1.0.tgz",
      "integrity": "sha512-oaayc90mFptYwr8v74DM8yiAnYF2Icahnc4VXelZGHmFZgX7vD7YGtBg568/L+LOL52d5B9MTJMp65sFoay5+Q==",
      "license": "MIT",
      "dependencies": {
        "avtc-pi-logger": "^1.0.3",
        "avtc-pi-settings-ui": "^1.0.12",
        "avtc-pi-ui-components": "^1.0.7"
      }
    },
    "node_modules/avtc-pi-portrait": {
      "version": "1.1.1",
      "resolved": "https://registry.npmjs.org/avtc-pi-portrait/-/avtc-pi-portrait-1.1.1.tgz",
      "integrity": "sha512-RM8uJSv/lE5d8bCA1kBvogXbLy3G0tmE5PlORbMOUS9AYdu8gclrS5aNyKWwt0ztFbgBiwGdyo74CRFysOa/6g==",
      "bundleDependencies": [
        "avtc-pi-ui-components"
      ],
      "license": "MIT",
      "dependencies": {
        "avtc-pi-logger": "^1.0.3",
        "avtc-pi-settings-ui": "^1.0.12",
        "avtc-pi-ui-components": "^1.0.7"
      }
    },
    "node_modules/avtc-pi-portrait/node_modules/avtc-pi-ui-components": {
      "version": "1.0.7",
      "inBundle": true,
      "license": "MIT"
    },
    "node_modules/avtc-pi-session-owl": {
      "version": "1.2.0",
      "resolved": "https://registry.npmjs.org/avtc-pi-session-owl/-/avtc-pi-session-owl-1.2.0.tgz",
      "integrity": "sha512-gCGGkMSVe+uBnJnC0Y3XDL9p/QXA0AQ0gexXF3mWSFbNYcldme77N4+O9MSRlw0atn/zlMHUVsYnp8ASs92tXQ==",
      "license": "MIT",
      "dependencies": {
        "avtc-pi-logger": "^1.0.3",
        "avtc-pi-settings-ui": "^1.0.12"
      }
    },
    "node_modules/avtc-pi-settings-ui": {
      "version": "1.0.12",
      "resolved": "https://registry.npmjs.org/avtc-pi-settings-ui/-/avtc-pi-settings-ui-1.0.12.tgz",
      "integrity": "sha512-SKAf4XBeKZoBmjc2kP1xIy49/YY1AIY0HpjeO7j68IoBGcdDLXncqaf6TPz+Q/Y9ybk3DxtgivFhWxLLfFXnQQ==",
      "license": "MIT",
      "dependencies": {
        "avtc-pi-logger": "^1.0.3",
        "minimatch": "^10.2.6"
      }
    },
    "node_modules/avtc-pi-subagent": {
      "version": "1.0.10",
      "resolved": "https://registry.npmjs.org/avtc-pi-subagent/-/avtc-pi-subagent-1.0.10.tgz",
      "integrity": "sha512-xb8BJEAsBBqDc6peFUf/Ffc8jPE37CD4X3u7gt73NMiIZMLPv1KNfMlNQ35yqdFF3qDz7pelf9ptM0mNgGdiaA==",
      "license": "MIT",
      "dependencies": {
        "avtc-pi-logger": "^1.0.3",
        "avtc-pi-settings-ui": "^1.0.12",
        "avtc-pi-subagent-ui-bridge": "^1.0.8"
      }
    },
    "node_modules/avtc-pi-subagent-ui-bridge": {
      "version": "1.0.8",
      "resolved": "https://registry.npmjs.org/avtc-pi-subagent-ui-bridge/-/avtc-pi-subagent-ui-bridge-1.0.8.tgz",
      "integrity": "sha512-oEl4bNQftvOxhGGo91IVk35VYzI81B3XRBLRA4160SEixbArcAID/t+mgEtFtdPVIt/GYJfr1rfgzAhj/lH1BQ==",
      "license": "MIT"
    },
    "node_modules/avtc-pi-todo": {
      "version": "1.0.10",
      "resolved": "https://registry.npmjs.org/avtc-pi-todo/-/avtc-pi-todo-1.0.10.tgz",
      "integrity": "sha512-kNitAE0Ei2wUKLi5q6sEYCloxWZ8f2dzvAb3gST8xF94f2kBUr/TiW/AM1oYUhiqRrHJf0vPTKRxIfFCvMTGBA==",
      "license": "MIT",
      "dependencies": {
        "avtc-pi-settings-ui": "^1.0.12"
      }
    },
    "node_modules/avtc-pi-ui-components": {
      "version": "1.0.7",
      "resolved": "https://registry.npmjs.org/avtc-pi-ui-components/-/avtc-pi-ui-components-1.0.7.tgz",
      "integrity": "sha512-ojWgUu2/NL5LhyBqaxGiDSB4F04GENXhteBiOeiVSltThu2gzbBXHaM+z/bCPupALHjOvI/+v3OOqg/LseL8hQ==",
      "license": "MIT"
    },
    "node_modules/avtc-pi-unstuck": {
      "version": "1.0.7",
      "resolved": "https://registry.npmjs.org/avtc-pi-unstuck/-/avtc-pi-unstuck-1.0.7.tgz",
      "integrity": "sha512-IuZeXeSMu4r8F7jm3Zc3eT348nhnCCVL9YLT6dBU0gmQj/maMUvME8l4MdD7/uoxxzoUU21vhfkvZiG5Zb/XoA==",
      "license": "MIT",
      "dependencies": {
        "avtc-pi-settings-ui": "^1.0.12"
      }
    },
    "node_modules/avtc-pi-user-decisions": {
      "version": "1.1.0",
      "resolved": "https://registry.npmjs.org/avtc-pi-user-decisions/-/avtc-pi-user-decisions-1.1.0.tgz",
      "integrity": "sha512-6f/5HWux+fVQH23gcs+Ofqt98X6fzCOBNjUdWzihEEVTuKHDf/mvCrh51zaEQMVRyef60iHX6ZI6MSj+l2eSog==",
      "license": "MIT",
      "dependencies": {
        "avtc-pi-logger": "^1.0.3",
        "avtc-pi-settings-ui": "^1.0.12",
        "avtc-pi-ui-components": "^1.0.7"
      }
    },
    "node_modules/avtc-pi-zai-continue": {
      "version": "1.0.6",
      "resolved": "https://registry.npmjs.org/avtc-pi-zai-continue/-/avtc-pi-zai-continue-1.0.6.tgz",
      "integrity": "sha512-OkOZ+iwYrUT3luUzVkEz2OV1X2tNqYgCemNeIW16Z+gJTSAHj7cos/C5hjMB7VZG44BehzjeLyQoU5d/Q+ccKA==",
      "license": "MIT"
    },
    "node_modules/balanced-match": {
      "version": "4.0.4",
      "resolved": "https://registry.npmjs.org/balanced-match/-/balanced-match-4.0.4.tgz",
      "integrity": "sha512-BLrgEcRTwX2o6gGxGOCNyMvGSp35YofuYzw9h1IMTRmKqttAZZVU67bdb9Pr2vUHA8+j3i2tJfjO6C6+4myGTA==",
      "license": "MIT",
      "engines": {
        "node": "18 || 20 || >=22"
      }
    },
    "node_modules/brace-expansion": {
      "version": "5.0.9",
      "resolved": "https://registry.npmjs.org/brace-expansion/-/brace-expansion-5.0.9.tgz",
      "integrity": "sha512-ScQ4IuvIEF1TMlP7Zt+vjJ//9zlPb2SDcxWxM3bk8s6t6GGdJ7KO1dCcTidOPJKePW30LE/2cT7wCyPho9/Wxg==",
      "license": "MIT",
      "dependencies": {
        "balanced-match": "^4.0.2"
      },
      "engines": {
        "node": "20 || >=22"
      }
    },
    "node_modules/minimatch": {
      "version": "10.2.6",
      "resolved": "https://registry.npmjs.org/minimatch/-/minimatch-10.2.6.tgz",
      "integrity": "sha512-vpLQEs+VLCr1nU0BXS07maYoFwlDAH0gngQuuttxIwutDFEMHq2blX+8vpgxDdK3J1PwjCJiep77OitTZ4Ll1A==",
      "license": "BlueOak-1.0.0",
      "dependencies": {
        "brace-expansion": "^5.0.8"
      },
      "engines": {
        "node": "18 || 20 || >=22"
      },
      "funding": {
        "url": "https://github.com/sponsors/isaacs"
      }
    }
  }
}
