{
  "name": "avtc-pi",
  "version": "1.1.3",
  "lockfileVersion": 3,
  "requires": true,
  "packages": {
    "": {
      "name": "avtc-pi",
      "version": "1.1.3",
      "license": "MIT",
      "dependencies": {
        "avtc-pi-ask-user-question": "^1.0.5",
        "avtc-pi-featyard": "^1.1.3",
        "avtc-pi-logger": "^1.0.3",
        "avtc-pi-notification": "^1.0.5",
        "avtc-pi-parallel-work-guardrail": "^1.0.6",
        "avtc-pi-portrait": "^1.0.5",
        "avtc-pi-settings-ui": "^1.0.6",
        "avtc-pi-subagent": "^1.0.5",
        "avtc-pi-subagent-ui-bridge": "^1.0.4",
        "avtc-pi-todo": "^1.0.6",
        "avtc-pi-ui-components": "^1.0.3",
        "avtc-pi-unstuck": "^1.0.4",
        "avtc-pi-user-decisions": "^1.0.5",
        "avtc-pi-zai-continue": "^1.0.4"
      }
    },
    "node_modules/avtc-pi-ask-user-question": {
      "version": "1.0.5",
      "resolved": "https://registry.npmjs.org/avtc-pi-ask-user-question/-/avtc-pi-ask-user-question-1.0.5.tgz",
      "integrity": "sha512-33zupxoeRTwh9JNc2k26F3tESWKN2tPOPAgbG7QaWzPMQ1Q8igPLWVuRad7wQBO2AM2TWsd1QqCJ9kC0kGPswA==",
      "license": "MIT",
      "dependencies": {
        "avtc-pi-ui-components": "^1.0.3"
      }
    },
    "node_modules/avtc-pi-featyard": {
      "version": "1.1.3",
      "resolved": "https://registry.npmjs.org/avtc-pi-featyard/-/avtc-pi-featyard-1.1.3.tgz",
      "integrity": "sha512-HvUby7ipdWs09ZbsdDk+Fv7GayFVgylhwiEt1b6tDADJeyOTcsBRUd1vF4wzIbGu4jtneqmiOwh4eNnW868HVA==",
      "license": "MIT",
      "dependencies": {
        "avtc-pi-logger": "^1.0.3",
        "avtc-pi-parallel-work-guardrail": "^1.0.6",
        "avtc-pi-settings-ui": "^1.0.6",
        "avtc-pi-subagent": "^1.0.5",
        "avtc-pi-subagent-ui-bridge": "^1.0.4",
        "avtc-pi-todo": "^1.0.6",
        "avtc-pi-ui-components": "^1.0.3",
        "avtc-pi-unstuck": "^1.0.4"
      }
    },
    "node_modules/avtc-pi-logger": {
      "version": "1.0.3",
      "resolved": "https://registry.npmjs.org/avtc-pi-logger/-/avtc-pi-logger-1.0.3.tgz",
      "integrity": "sha512-3k7KLKdFWVE+SCRHWDdE7r8qaL0MU1yf3Dm68HV1/oD29CE4md2CKTJDd1S4M8D4U7zOagRvtcTxxtKfYQgRsQ==",
      "license": "MIT"
    },
    "node_modules/avtc-pi-notification": {
      "version": "1.0.5",
      "resolved": "https://registry.npmjs.org/avtc-pi-notification/-/avtc-pi-notification-1.0.5.tgz",
      "integrity": "sha512-aukSDWqPYFer8+Z/muarYUfmW6EBkvhHuvYVLdH9U1PHWCzK5ITGZqUYKOzJn2nZ6x8iIKbs68gudVlehWb9lQ==",
      "license": "MIT"
    },
    "node_modules/avtc-pi-parallel-work-guardrail": {
      "version": "1.0.6",
      "resolved": "https://registry.npmjs.org/avtc-pi-parallel-work-guardrail/-/avtc-pi-parallel-work-guardrail-1.0.6.tgz",
      "integrity": "sha512-GUhuEjcmz6dCdC70mLzoZY5x/wo+j/7cFcwqExTtmxsme8decai2IkDfLFlJwz3y01y5Ygf+qoqLZrGiby1QmA==",
      "license": "MIT",
      "dependencies": {
        "avtc-pi-logger": "^1.0.3",
        "avtc-pi-settings-ui": "^1.0.6",
        "avtc-pi-ui-components": "^1.0.3"
      }
    },
    "node_modules/avtc-pi-portrait": {
      "version": "1.0.5",
      "resolved": "https://registry.npmjs.org/avtc-pi-portrait/-/avtc-pi-portrait-1.0.5.tgz",
      "integrity": "sha512-fobpMZEkEQP5VDlDrHbVWUv/eXlBxmg2ztYShaW10ZTgl0vdnUZG+kvCiKKoQ5nt2qj0cd+A29I5g5zszjUn6Q==",
      "bundleDependencies": [
        "avtc-pi-ui-components"
      ],
      "license": "MIT",
      "dependencies": {
        "avtc-pi-logger": "^1.0.3",
        "avtc-pi-settings-ui": "^1.0.6",
        "avtc-pi-ui-components": "^1.0.3"
      }
    },
    "node_modules/avtc-pi-portrait/node_modules/avtc-pi-ui-components": {
      "version": "1.0.2",
      "inBundle": true,
      "license": "MIT"
    },
    "node_modules/avtc-pi-settings-ui": {
      "version": "1.0.6",
      "resolved": "https://registry.npmjs.org/avtc-pi-settings-ui/-/avtc-pi-settings-ui-1.0.6.tgz",
      "integrity": "sha512-YSMwrakIhGMg0EBqTTYrqTRx7YYp03h8aDD18pznhQMD1t2bb3p9YoXnVPTZgo9OUeeic/77E33zsuo+cpUhxA==",
      "license": "MIT",
      "dependencies": {
        "avtc-pi-logger": "^1.0.3",
        "minimatch": "^10.0.0"
      }
    },
    "node_modules/avtc-pi-subagent": {
      "version": "1.0.5",
      "resolved": "https://registry.npmjs.org/avtc-pi-subagent/-/avtc-pi-subagent-1.0.5.tgz",
      "integrity": "sha512-MqLctM5fedIazrZIhSCuRo+L2TME677xeIbpFVH9+os9YeTHlxFtoGwBcWid6AvFKWW5Io7EDFF/IUedxjNp/A==",
      "license": "MIT",
      "dependencies": {
        "avtc-pi-logger": "^1.0.3",
        "avtc-pi-settings-ui": "^1.0.6",
        "avtc-pi-subagent-ui-bridge": "^1.0.4"
      }
    },
    "node_modules/avtc-pi-subagent-ui-bridge": {
      "version": "1.0.4",
      "resolved": "https://registry.npmjs.org/avtc-pi-subagent-ui-bridge/-/avtc-pi-subagent-ui-bridge-1.0.4.tgz",
      "integrity": "sha512-OrtML2c36Uy+7+b33Efqc/dG/70B9/gB6OtEaqAJMISbpEFWWTEQ0EgBYIdFnuhaf8OfsYKHPPYu7XY4IRINaw==",
      "license": "MIT"
    },
    "node_modules/avtc-pi-todo": {
      "version": "1.0.6",
      "resolved": "https://registry.npmjs.org/avtc-pi-todo/-/avtc-pi-todo-1.0.6.tgz",
      "integrity": "sha512-bS1zZXBPAnP/8fUHTkXajywHJ54NesyMihnHcEUSPKZKygbWDT0vx7LbSaugZEtKiip8exYLk5b0uQrxtCQgQg==",
      "license": "MIT",
      "dependencies": {
        "avtc-pi-settings-ui": "^1.0.6"
      }
    },
    "node_modules/avtc-pi-ui-components": {
      "version": "1.0.3",
      "resolved": "https://registry.npmjs.org/avtc-pi-ui-components/-/avtc-pi-ui-components-1.0.3.tgz",
      "integrity": "sha512-y8AY5i7FppFU0hq/LKOnEsev/JyrZwWZOvfUybtMen89/Tf6XQZVGMBHuQSFyUX7/cwIDTmnf6U94ws8U/Ayjw==",
      "license": "MIT"
    },
    "node_modules/avtc-pi-unstuck": {
      "version": "1.0.4",
      "resolved": "https://registry.npmjs.org/avtc-pi-unstuck/-/avtc-pi-unstuck-1.0.4.tgz",
      "integrity": "sha512-u4kIfL+Pde5Uvl6nwuWg614WYCPVq6vFj6rIqeMl1gSJult5o+p9l4u0FwTEuKsN0Hk6pKrR0l9dfdlMqgW+GQ==",
      "license": "MIT",
      "dependencies": {
        "avtc-pi-settings-ui": "^1.0.6"
      }
    },
    "node_modules/avtc-pi-user-decisions": {
      "version": "1.0.5",
      "resolved": "https://registry.npmjs.org/avtc-pi-user-decisions/-/avtc-pi-user-decisions-1.0.5.tgz",
      "integrity": "sha512-FCL5DhPRUzzIeobjYb1Lr7nVxDTajsw9k5DxIF0UgdV/o/Ck9whC6MLVSHBM5MsF5JoDB4CIDe6U7n+jCVzx7Q==",
      "license": "MIT",
      "dependencies": {
        "avtc-pi-logger": "^1.0.3",
        "avtc-pi-settings-ui": "^1.0.6",
        "avtc-pi-ui-components": "^1.0.3"
      }
    },
    "node_modules/avtc-pi-zai-continue": {
      "version": "1.0.4",
      "resolved": "https://registry.npmjs.org/avtc-pi-zai-continue/-/avtc-pi-zai-continue-1.0.4.tgz",
      "integrity": "sha512-ls051u8j/ym2xQHaTUBB4aVYbgrFJ7xqFVE7IW7VNrq5H2d0hn45svlGfL7MSbpgZvnW3vgQ6KRghyt3BJf2Eg==",
      "license": "MIT"
    },
    "node_modules/balanced-match": {
      "version": "4.0.4",
      "resolved": "https://registry.npmjs.org/balanced-match/-/balanced-match-4.0.4.tgz",
      "integrity": "sha512-BLrgEcRTwX2o6gGxGOCNyMvGSp35YofuYzw9h1IMTRmKqttAZZVU67bdb9Pr2vUHA8+j3i2tJfjO6C6+4myGTA==",
      "license": "MIT",
      "engines": {
        "node": "18 || 20 || >=22"
      }
    },
    "node_modules/brace-expansion": {
      "version": "5.0.7",
      "resolved": "https://registry.npmjs.org/brace-expansion/-/brace-expansion-5.0.7.tgz",
      "integrity": "sha512-7oFy703dxfY3/NLxC1fh2SUCQ0H9rmAY+5EpDVfXjUTTs+HEwR2nYaqLv+GWcTsumwxPfiz6CzCNkwXwBUwqCA==",
      "license": "MIT",
      "dependencies": {
        "balanced-match": "^4.0.2"
      },
      "engines": {
        "node": "18 || 20 || >=22"
      }
    },
    "node_modules/minimatch": {
      "version": "10.2.5",
      "resolved": "https://registry.npmjs.org/minimatch/-/minimatch-10.2.5.tgz",
      "integrity": "sha512-MULkVLfKGYDFYejP07QOurDLLQpcjk7Fw+7jXS2R2czRQzR56yHRveU5NDJEOviH+hETZKSkIk5c+T23GjFUMg==",
      "license": "BlueOak-1.0.0",
      "dependencies": {
        "brace-expansion": "^5.0.5"
      },
      "engines": {
        "node": "18 || 20 || >=22"
      },
      "funding": {
        "url": "https://github.com/sponsors/isaacs"
      }
    }
  }
}
